PODS:
  - Capacitor (7.4.4):
    - CapacitorCordova
  - CapacitorCamera (7.0.2):
    - Capacitor
  - CapacitorCordova (7.4.4)
  - CapacitorFilesystem (7.1.5):
    - Capacitor
    - IONFilesystemLib (~> 1.0.1)
  - CapacitorLocalNotifications (7.0.3):
    - Capacitor
  - CapacitorPluginSafeArea (4.0.3):
    - Capacitor
  - IONFilesystemLib (1.0.1)

DEPENDENCIES:
  - "Capacitor (from `../../node_modules/@capacitor/ios`)"
  - "CapacitorCamera (from `../../node_modules/@capacitor/camera`)"
  - "CapacitorCordova (from `../../node_modules/@capacitor/ios`)"
  - "CapacitorFilesystem (from `../../node_modules/@capacitor/filesystem`)"
  - "CapacitorLocalNotifications (from `../../node_modules/@capacitor/local-notifications`)"
  - CapacitorPluginSafeArea (from `../../node_modules/capacitor-plugin-safe-area`)

SPEC REPOS:
  trunk:
    - IONFilesystemLib

EXTERNAL SOURCES:
  Capacitor:
    :path: "../../node_modules/@capacitor/ios"
  CapacitorCamera:
    :path: "../../node_modules/@capacitor/camera"
  CapacitorCordova:
    :path: "../../node_modules/@capacitor/ios"
  CapacitorFilesystem:
    :path: "../../node_modules/@capacitor/filesystem"
  CapacitorLocalNotifications:
    :path: "../../node_modules/@capacitor/local-notifications"
  CapacitorPluginSafeArea:
    :path: "../../node_modules/capacitor-plugin-safe-area"

SPEC CHECKSUMS:
  Capacitor: 358dd1c3fdd71d969547b17e159fd8a7736cb45f
  CapacitorCamera: f9e54db0a18bb218a8dc360907d63aaefe9209ff
  CapacitorCordova: bf648a636f3c153f652d312ae145fb508b6ffced
  CapacitorFilesystem: 609d5cceca1ed93d7f25839dbfdfd224bfe78209
  CapacitorLocalNotifications: 0811aef56ab2e5f7f9ae72f47d3473ab50c29038
  CapacitorPluginSafeArea: 1abd81c6facac9eae0c6ae3cb0b3b53ccc135522
  IONFilesystemLib: 89258b8e3e85465da93127d25d7ce37f977e8a6f

PODFILE CHECKSUM: 472490c1ff000b841ef3db8d1e9f6a40c57b9ea7

COCOAPODS: 1.16.2
